// !$*UTF8*$!
{
	archiveVersion = 1;
	classes = {
	};
	objectVersion = 56;
	objects = {

/* Begin PBXBuildFile section */
		7D7EBAB82DA6BEA50039860E /* HarryPotterCharListApp.swift in Sources */ = {isa = PBXBuildFile; fileRef = 7D7EBAB72DA6BEA50039860E /* HarryPotterCharListApp.swift */; };
		7D7EBABA2DA6BEA50039860E /* ContentView.swift in Sources */ = {isa = PBXBuildFile; fileRef = 7D7EBAB92DA6BEA50039860E /* ContentView.swift */; };
		7D7EBABC2DA6BEA70039860E /* Assets.xcassets in Resources */ = {isa = PBXBuildFile; fileRef = 7D7EBABB2DA6BEA70039860E /* Assets.xcassets */; };
		7D7EBABF2DA6BEA70039860E /* Preview Assets.xcassets in Resources */ = {isa = PBXBuildFile; fileRef = 7D7EBABE2DA6BEA70039860E /* Preview Assets.xcassets */; };
		7D7EBAC72DA6BFC20039860E /* HPNavigationKit in Frameworks */ = {isa = PBXBuildFile; productRef = 7D7EBAC62DA6BFC20039860E /* HPNavigationKit */; };
		7D7EBACA2DA6BFED0039860E /* HPHomeModule in Frameworks */ = {isa = PBXBuildFile; productRef = 7D7EBAC92DA6BFED0039860E /* HPHomeModule */; };
		7D7EBACD2DA6C00F0039860E /* HPDetailModule in Frameworks */ = {isa = PBXBuildFile; productRef = 7D7EBACC2DA6C00F0039860E /* HPDetailModule */; };
/* End PBXBuildFile section */

/* Begin PBXFileReference section */
		7D7EBAB42DA6BEA50039860E /* HarryPotterCharList.app */ = {isa = PBXFileReference; explicitFileType = wrapper.application; includeInIndex = 0; path = HarryPotterCharList.app; sourceTree = BUILT_PRODUCTS_DIR; };
		7D7EBAB72DA6BEA50039860E /* HarryPotterCharListApp.swift */ = {isa = PBXFileReference; lastKnownFileType = sourcecode.swift; path = HarryPotterCharListApp.swift; sourceTree = "<group>"; };
		7D7EBAB92DA6BEA50039860E /* ContentView.swift */ = {isa = PBXFileReference; lastKnownFileType = sourcecode.swift; path = ContentView.swift; sourceTree = "<group>"; };
		7D7EBABB2DA6BEA70039860E /* Assets.xcassets */ = {isa = PBXFileReference; lastKnownFileType = folder.assetcatalog; path = Assets.xcassets; sourceTree = "<group>"; };
		7D7EBABE2DA6BEA70039860E /* Preview Assets.xcassets */ = {isa = PBXFileReference; lastKnownFileType = folder.assetcatalog; path = "Preview Assets.xcassets"; sourceTree = "<group>"; };
/* End PBXFileReference section */

/* Begin PBXFrameworksBuildPhase section */
		7D7EBAB12DA6BEA50039860E /* Frameworks */ = {
			isa = PBXFrameworksBuildPhase;
			buildActionMask = 2147483647;
			files = (
				7D7EBACD2DA6C00F0039860E /* HPDetailModule in Frameworks */,
				7D7EBAC72DA6BFC20039860E /* HPNavigationKit in Frameworks */,
				7D7EBACA2DA6BFED0039860E /* HPHomeModule in Frameworks */,
			);
			runOnlyForDeploymentPostprocessing = 0;
		};
/* End PBXFrameworksBuildPhase section */

/* Begin PBXGroup section */
		7D7EBAAB2DA6BEA50039860E = {
			isa = PBXGroup;
			children = (
				7D7EBAB62DA6BEA50039860E /* HarryPotterCharList */,
				7D7EBAB52DA6BEA50039860E /* Products */,
			);
			sourceTree = "<group>";
		};
		7D7EBAB52DA6BEA50039860E /* Products */ = {
			isa = PBXGroup;
			children = (
				7D7EBAB42DA6BEA50039860E /* HarryPotterCharList.app */,
			);
			name = Products;
			sourceTree = "<group>";
		};
		7D7EBAB62DA6BEA50039860E /* HarryPotterCharList */ = {
			isa = PBXGroup;
			children = (
				7D7EBAB72DA6BEA50039860E /* HarryPotterCharListApp.swift */,
				7D7EBAB92DA6BEA50039860E /* ContentView.swift */,
				7D7EBABB2DA6BEA70039860E /* Assets.xcassets */,
				7D7EBABD2DA6BEA70039860E /* Preview Content */,
			);
			path = HarryPotterCharList;
			sourceTree = "<group>";
		};
		7D7EBABD2DA6BEA70039860E /* Preview Content */ = {
			isa = PBXGroup;
			children = (
				7D7EBABE2DA6BEA70039860E /* Preview Assets.xcassets */,
			);
			path = "Preview Content";
			sourceTree = "<group>";
		};
/* End PBXGroup section */

/* Begin PBXNativeTarget section */
		7D7EBAB32DA6BEA50039860E /* HarryPotterCharList */ = {
			isa = PBXNativeTarget;
			buildConfigurationList = 7D7EBAC22DA6BEA70039860E /* Build configuration list for PBXNativeTarget "HarryPotterCharList" */;
			buildPhases = (
				7D7EBAB02DA6BEA50039860E /* Sources */,
				7D7EBAB12DA6BEA50039860E /* Frameworks */,
				7D7EBAB22DA6BEA50039860E /* Resources */,
			);
			buildRules = (
			);
			dependencies = (
			);
			name = HarryPotterCharList;
			packageProductDependencies = (
				7D7EBAC62DA6BFC20039860E /* HPNavigationKit */,
				7D7EBAC92DA6BFED0039860E /* HPHomeModule */,
				7D7EBACC2DA6C00F0039860E /* HPDetailModule */,
			);
			productName = HarryPotterCharList;
			productReference = 7D7EBAB42DA6BEA50039860E /* HarryPotterCharList.app */;
			productType = "com.apple.product-type.application";
		};
/* End PBXNativeTarget section */

/* Begin PBXProject section */
		7D7EBAAC2DA6BEA50039860E /* Project object */ = {
			isa = PBXProject;
			attributes = {
				BuildIndependentTargetsInParallel = 1;
				LastSwiftUpdateCheck = 1500;
				LastUpgradeCheck = 1500;
				TargetAttributes = {
					7D7EBAB32DA6BEA50039860E = {
						CreatedOnToolsVersion = 15.0;
					};
				};
			};
			buildConfigurationList = 7D7EBAAF2DA6BEA50039860E /* Build configuration list for PBXProject "HarryPotterCharList" */;
			compatibilityVersion = "Xcode 14.0";
			developmentRegion = en;
			hasScannedForEncodings = 0;
			knownRegions = (
				en,
				Base,
			);
			mainGroup = 7D7EBAAB2DA6BEA50039860E;
			packageReferences = (
				7D7EBAC52DA6BFC20039860E /* XCRemoteSwiftPackageReference "HPNavigationKit" */,
				7D7EBAC82DA6BFED0039860E /* XCRemoteSwiftPackageReference "HPHomeModule" */,
				7D7EBACB2DA6C00F0039860E /* XCRemoteSwiftPackageReference "HPDetailModule" */,
			);
			productRefGroup = 7D7EBAB52DA6BEA50039860E /* Products */;
			projectDirPath = "";
			projectRoot = "";
			targets = (
				7D7EBAB32DA6BEA50039860E /* HarryPotterCharList */,
			);
		};
/* End PBXProject section */

/* Begin PBXResourcesBuildPhase section */
		7D7EBAB22DA6BEA50039860E /* Resources */ = {
			isa = PBXResourcesBuildPhase;
			buildActionMask = 2147483647;
			files = (
				7D7EBABF2DA6BEA70039860E /* Preview Assets.xcassets in Resources */,
				7D7EBABC2DA6BEA70039860E /* Assets.xcassets in Resources */,
			);
			runOnlyForDeploymentPostprocessing = 0;
		};
/* End PBXResourcesBuildPhase section */

/* Begin PBXSourcesBuildPhase section */
		7D7EBAB02DA6BEA50039860E /* Sources */ = {
			isa = PBXSourcesBuildPhase;
			buildActionMask = 2147483647;
			files = (
				7D7EBABA2DA6BEA50039860E /* ContentView.swift in Sources */,
				7D7EBAB82DA6BEA50039860E /* HarryPotterCharListApp.swift in Sources */,
			);
			runOnlyForDeploymentPostprocessing = 0;
		};
/* End PBXSourcesBuildPhase section */

/* Begin XCBuildConfiguration section */
		7D7EBAC02DA6BEA70039860E /* Debug */ = {
			isa = XCBuildConfiguration;
			buildSettings = {
				ALWAYS_SEARCH_USER_PATHS = NO;
				ASSETCATALOG_COMPILER_GENERATE_SWIFT_ASSET_SYMBOL_EXTENSIONS = YES;
				CLANG_ANALYZER_NONNULL = YES;
				CLANG_ANALYZER_NUMBER_OBJECT_CONVERSION = YES_AGGRESSIVE;
				CLANG_CXX_LANGUAGE_STANDARD = "gnu++20";
				CLANG_ENABLE_MODULES = YES;
				CLANG_ENABLE_OBJC_ARC = YES;
				CLANG_ENABLE_OBJC_WEAK = YES;
				CLANG_WARN_BLOCK_CAPTURE_AUTORELEASING = YES;
				CLANG_WARN_BOOL_CONVERSION = YES;
				CLANG_WARN_COMMA = YES;
				CLANG_WARN_CONSTANT_CONVERSION = YES;
				CLANG_WARN_DEPRECATED_OBJC_IMPLEMENTATIONS = YES;
				CLANG_WARN_DIRECT_OBJC_ISA_USAGE = YES_ERROR;
				CLANG_WARN_DOCUMENTATION_COMMENTS = YES;
				CLANG_WARN_EMPTY_BODY = YES;
				CLANG_WARN_ENUM_CONVERSION = YES;
				CLANG_WARN_INFINITE_RECURSION = YES;
				CLANG_WARN_INT_CONVERSION = YES;
				CLANG_WARN_NON_LITERAL_NULL_CONVERSION = YES;
				CLANG_WARN_OBJC_IMPLICIT_RETAIN_SELF = YES;
				CLANG_WARN_OBJC_LITERAL_CONVERSION = YES;
				CLANG_WARN_OBJC_ROOT_CLASS = YES_ERROR;
				CLANG_WARN_QUOTED_INCLUDE_IN_FRAMEWORK_HEADER = YES;
				CLANG_WARN_RANGE_LOOP_ANALYSIS = YES;
				CLANG_WARN_STRICT_PROTOTYPES = YES;
				CLANG_WARN_SUSPICIOUS_MOVE = YES;
				CLANG_WARN_UNGUARDED_AVAILABILITY = YES_AGGRESSIVE;
				CLANG_WARN_UNREACHABLE_CODE = YES;
				CLANG_WARN__DUPLICATE_METHOD_MATCH = YES;
				COPY_PHASE_STRIP = NO;
				DEBUG_INFORMATION_FORMAT = dwarf;
				ENABLE_STRICT_OBJC_MSGSEND = YES;
				ENABLE_TESTABILITY = YES;
				ENABLE_USER_SCRIPT_SANDBOXING = YES;
				GCC_C_LANGUAGE_STANDARD = gnu17;
				GCC_DYNAMIC_NO_PIC = NO;
				GCC_NO_COMMON_BLOCKS = YES;
				GCC_OPTIMIZATION_LEVEL = 0;
				GCC_PREPROCESSOR_DEFINITIONS = (
					"DEBUG=1",
					"$(inherited)",
				);
				GCC_WARN_64_TO_32_BIT_CONVERSION = YES;
				GCC_WARN_ABOUT_RETURN_TYPE = YES_ERROR;
				GCC_WARN_UNDECLARED_SELECTOR = YES;
				GCC_WARN_UNINITIALIZED_AUTOS = YES_AGGRESSIVE;
				GCC_WARN_UNUSED_FUNCTION = YES;
				GCC_WARN_UNUSED_VARIABLE = YES;
				IPHONEOS_DEPLOYMENT_TARGET = 17.0;
				LOCALIZATION_PREFERS_STRING_CATALOGS = YES;
				MTL_ENABLE_DEBUG_INFO = INCLUDE_SOURCE;
				MTL_FAST_MATH = YES;
				ONLY_ACTIVE_ARCH = YES;
				SDKROOT = iphoneos;
				SWIFT_ACTIVE_COMPILATION_CONDITIONS = "DEBUG $(inherited)";
				SWIFT_OPTIMIZATION_LEVEL = "-Onone";
			};
			name = Debug;
		};
		7D7EBAC12DA6BEA70039860E /* Release */ = {
			isa = XCBuildConfiguration;
			buildSettings = {
				ALWAYS_SEARCH_USER_PATHS = NO;
				ASSETCATALOG_COMPILER_GENERATE_SWIFT_ASSET_SYMBOL_EXTENSIONS = YES;
				CLANG_ANALYZER_NONNULL = YES;
				CLANG_ANALYZER_NUMBER_OBJECT_CONVERSION = YES_AGGRESSIVE;
				CLANG_CXX_LANGUAGE_STANDARD = "gnu++20";
				CLANG_ENABLE_MODULES = YES;
				CLANG_ENABLE_OBJC_ARC = YES;
				CLANG_ENABLE_OBJC_WEAK = YES;
				CLANG_WARN_BLOCK_CAPTURE_AUTORELEASING = YES;
				CLANG_WARN_BOOL_CONVERSION = YES;
				CLANG_WARN_COMMA = YES;
				CLANG_WARN_CONSTANT_CONVERSION = YES;
				CLANG_WARN_DEPRECATED_OBJC_IMPLEMENTATIONS = YES;
				CLANG_WARN_DIRECT_OBJC_ISA_USAGE = YES_ERROR;
				CLANG_WARN_DOCUMENTATION_COMMENTS = YES;
				CLANG_WARN_EMPTY_BODY = YES;
				CLANG_WARN_ENUM_CONVERSION = YES;
				CLANG_WARN_INFINITE_RECURSION = YES;
				CLANG_WARN_INT_CONVERSION = YES;
				CLANG_WARN_NON_LITERAL_NULL_CONVERSION = YES;
				CLANG_WARN_OBJC_IMPLICIT_RETAIN_SELF = YES;
				CLANG_WARN_OBJC_LITERAL_CONVERSION = YES;
				CLANG_WARN_OBJC_ROOT_CLASS = YES_ERROR;
				CLANG_WARN_QUOTED_INCLUDE_IN_FRAMEWORK_HEADER = YES;
				CLANG_WARN_RANGE_LOOP_ANALYSIS = YES;
				CLANG_WARN_STRICT_PROTOTYPES = YES;
				CLANG_WARN_SUSPICIOUS_MOVE = YES;
				CLANG_WARN_UNGUARDED_AVAILABILITY = YES_AGGRESSIVE;
				CLANG_WARN_UNREACHABLE_CODE = YES;
				CLANG_WARN__DUPLICATE_METHOD_MATCH = YES;
				COPY_PHASE_STRIP = NO;
				DEBUG_INFORMATION_FORMAT = "dwarf-with-dsym";
				ENABLE_NS_ASSERTIONS = NO;
				ENABLE_STRICT_OBJC_MSGSEND = YES;
				ENABLE_USER_SCRIPT_SANDBOXING = YES;
				GCC_C_LANGUAGE_STANDARD = gnu17;
				GCC_NO_COMMON_BLOCKS = YES;
				GCC_WARN_64_TO_32_BIT_CONVERSION = YES;
				GCC_WARN_ABOUT_RETURN_TYPE = YES_ERROR;
				GCC_WARN_UNDECLARED_SELECTOR = YES;
				GCC_WARN_UNINITIALIZED_AUTOS = YES_AGGRESSIVE;
				GCC_WARN_UNUSED_FUNCTION = YES;
				GCC_WARN_UNUSED_VARIABLE = YES;
				IPHONEOS_DEPLOYMENT_TARGET = 17.0;
				LOCALIZATION_PREFERS_STRING_CATALOGS = YES;
				MTL_ENABLE_DEBUG_INFO = NO;
				MTL_FAST_MATH = YES;
				SDKROOT = iphoneos;
				SWIFT_COMPILATION_MODE = wholemodule;
				VALIDATE_PRODUCT = YES;
			};
			name = Release;
		};
		7D7EBAC32DA6BEA70039860E /* Debug */ = {
			isa = XCBuildConfiguration;
			buildSettings = {
				ASSETCATALOG_COMPILER_APPICON_NAME = AppIcon;
				ASSETCATALOG_COMPILER_GLOBAL_ACCENT_COLOR_NAME = AccentColor;
				CODE_SIGN_STYLE = Automatic;
				CURRENT_PROJECT_VERSION = 1;
				DEVELOPMENT_ASSET_PATHS = "\"HarryPotterCharList/Preview Content\"";
				DEVELOPMENT_TEAM = 45DX68AP4J;
				ENABLE_PREVIEWS = YES;
				GENERATE_INFOPLIST_FILE = YES;
				INFOPLIST_KEY_UIApplicationSceneManifest_Generation = YES;
				INFOPLIST_KEY_UIApplicationSupportsIndirectInputEvents = YES;
				INFOPLIST_KEY_UILaunchScreen_Generation = YES;
				INFOPLIST_KEY_UISupportedInterfaceOrientations_iPad = "UIInterfaceOrientationPortrait UIInterfaceOrientationPortraitUpsideDown UIInterfaceOrientationLandscapeLeft UIInterfaceOrientationLandscapeRight";
				INFOPLIST_KEY_UISupportedInterfaceOrientations_iPhone = "UIInterfaceOrientationPortrait UIInterfaceOrientationLandscapeLeft UIInterfaceOrientationLandscapeRight";
				LD_RUNPATH_SEARCH_PATHS = (
					"$(inherited)",
					"@executable_path/Frameworks",
				);
				MARKETING_VERSION = 1.0;
				PRODUCT_BUNDLE_IDENTIFIER = engingulek.HarryPotterCharList;
				PRODUCT_NAME = "$(TARGET_NAME)";
				SWIFT_EMIT_LOC_STRINGS = YES;
				SWIFT_VERSION = 5.0;
				TARGETED_DEVICE_FAMILY = "1,2";
			};
			name = Debug;
		};
		7D7EBAC42DA6BEA70039860E /* Release */ = {
			isa = XCBuildConfiguration;
			buildSettings = {
				ASSETCATALOG_COMPILER_APPICON_NAME = AppIcon;
				ASSETCATALOG_COMPILER_GLOBAL_ACCENT_COLOR_NAME = AccentColor;
				CODE_SIGN_STYLE = Automatic;
				CURRENT_PROJECT_VERSION = 1;
				DEVELOPMENT_ASSET_PATHS = "\"HarryPotterCharList/Preview Content\"";
				DEVELOPMENT_TEAM = 45DX68AP4J;
				ENABLE_PREVIEWS = YES;
				GENERATE_INFOPLIST_FILE = YES;
				INFOPLIST_KEY_UIApplicationSceneManifest_Generation = YES;
				INFOPLIST_KEY_UIApplicationSupportsIndirectInputEvents = YES;
				INFOPLIST_KEY_UILaunchScreen_Generation = YES;
				INFOPLIST_KEY_UISupportedInterfaceOrientations_iPad = "UIInterfaceOrientationPortrait UIInterfaceOrientationPortraitUpsideDown UIInterfaceOrientationLandscapeLeft UIInterfaceOrientationLandscapeRight";
				INFOPLIST_KEY_UISupportedInterfaceOrientations_iPhone = "UIInterfaceOrientationPortrait UIInterfaceOrientationLandscapeLeft UIInterfaceOrientationLandscapeRight";
				LD_RUNPATH_SEARCH_PATHS = (
					"$(inherited)",
					"@executable_path/Frameworks",
				);
				MARKETING_VERSION = 1.0;
				PRODUCT_BUNDLE_IDENTIFIER = engingulek.HarryPotterCharList;
				PRODUCT_NAME = "$(TARGET_NAME)";
				SWIFT_EMIT_LOC_STRINGS = YES;
				SWIFT_VERSION = 5.0;
				TARGETED_DEVICE_FAMILY = "1,2";
			};
			name = Release;
		};
/* End XCBuildConfiguration section */

/* Begin XCConfigurationList section */
		7D7EBAAF2DA6BEA50039860E /* Build configuration list for PBXProject "HarryPotterCharList" */ = {
			isa = XCConfigurationList;
			buildConfigurations = (
				7D7EBAC02DA6BEA70039860E /* Debug */,
				7D7EBAC12DA6BEA70039860E /* Release */,
			);
			defaultConfigurationIsVisible = 0;
			defaultConfigurationName = Release;
		};
		7D7EBAC22DA6BEA70039860E /* Build configuration list for PBXNativeTarget "HarryPotterCharList" */ = {
			isa = XCConfigurationList;
			buildConfigurations = (
				7D7EBAC32DA6BEA70039860E /* Debug */,
				7D7EBAC42DA6BEA70039860E /* Release */,
			);
			defaultConfigurationIsVisible = 0;
			defaultConfigurationName = Release;
		};
/* End XCConfigurationList section */

/* Begin XCRemoteSwiftPackageReference section */
		7D7EBAC52DA6BFC20039860E /* XCRemoteSwiftPackageReference "HPNavigationKit" */ = {
			isa = XCRemoteSwiftPackageReference;
			repositoryURL = "https://github.com/engingulek/HPNavigationKit";
			requirement = {
				kind = upToNextMajorVersion;
				minimumVersion = 1.0.0;
			};
		};
		7D7EBAC82DA6BFED0039860E /* XCRemoteSwiftPackageReference "HPHomeModule" */ = {
			isa = XCRemoteSwiftPackageReference;
			repositoryURL = "https://github.com/engingulek/HPHomeModule";
			requirement = {
				kind = upToNextMajorVersion;
				minimumVersion = 1.0.0;
			};
		};
		7D7EBACB2DA6C00F0039860E /* XCRemoteSwiftPackageReference "HPDetailModule" */ = {
			isa = XCRemoteSwiftPackageReference;
			repositoryURL = "https://github.com/engingulek/HPDetailModule";
			requirement = {
				kind = upToNextMajorVersion;
				minimumVersion = 1.0.0;
			};
		};
/* End XCRemoteSwiftPackageReference section */

/* Begin XCSwiftPackageProductDependency section */
		7D7EBAC62DA6BFC20039860E /* HPNavigationKit */ = {
			isa = XCSwiftPackageProductDependency;
			package = 7D7EBAC52DA6BFC20039860E /* XCRemoteSwiftPackageReference "HPNavigationKit" */;
			productName = HPNavigationKit;
		};
		7D7EBAC92DA6BFED0039860E /* HPHomeModule */ = {
			isa = XCSwiftPackageProductDependency;
			package = 7D7EBAC82DA6BFED0039860E /* XCRemoteSwiftPackageReference "HPHomeModule" */;
			productName = HPHomeModule;
		};
		7D7EBACC2DA6C00F0039860E /* HPDetailModule */ = {
			isa = XCSwiftPackageProductDependency;
			package = 7D7EBACB2DA6C00F0039860E /* XCRemoteSwiftPackageReference "HPDetailModule" */;
			productName = HPDetailModule;
		};
/* End XCSwiftPackageProductDependency section */
	};
	rootObject = 7D7EBAAC2DA6BEA50039860E /* Project object */;
}
